// !$*UTF8*$!
{
	archiveVersion = 1;
	classes = {
	};
	objectVersion = 51;
	objects = {

/* Begin PBXBuildFile section */
		E9227296223FFF67000474A4 /* AppDelegate.swift in Sources */ = {isa = PBXBuildFile; fileRef = E9227295223FFF67000474A4 /* AppDelegate.swift */; };
		E9227298223FFF67000474A4 /* ViewController.swift in Sources */ = {isa = PBXBuildFile; fileRef = E9227297223FFF67000474A4 /* ViewController.swift */; };
		E922729B223FFF67000474A4 /* Main.storyboard in Resources */ = {isa = PBXBuildFile; fileRef = E9227299223FFF67000474A4 /* Main.storyboard */; };
		E922729D223FFF68000474A4 /* Assets.xcassets in Resources */ = {isa = PBXBuildFile; fileRef = E922729C223FFF68000474A4 /* Assets.xcassets */; };
		ECE39083CF571A38C7C835A3 /* Pods_BasicSSAIPlayer_tvOS.framework in Frameworks */ = {isa = PBXBuildFile; fileRef = 7A61A73FEC39BB3FB4FCC292 /* Pods_BasicSSAIPlayer_tvOS.framework */; };
/* End PBXBuildFile section */

/* Begin PBXFileReference section */
		04C974000759D257E266F2AC /* Pods-BasicSSAIPlayer.debug.xcconfig */ = {isa = PBXFileReference; includeInIndex = 1; lastKnownFileType = text.xcconfig; name = "Pods-BasicSSAIPlayer.debug.xcconfig"; path = "Target Support Files/Pods-BasicSSAIPlayer/Pods-BasicSSAIPlayer.debug.xcconfig"; sourceTree = "<group>"; };
		5E20EF635C5F3284E2E049AE /* Pods-BasicSSAIPlayer.release.xcconfig */ = {isa = PBXFileReference; includeInIndex = 1; lastKnownFileType = text.xcconfig; name = "Pods-BasicSSAIPlayer.release.xcconfig"; path = "Target Support Files/Pods-BasicSSAIPlayer/Pods-BasicSSAIPlayer.release.xcconfig"; sourceTree = "<group>"; };
		7A61A73FEC39BB3FB4FCC292 /* Pods_BasicSSAIPlayer_tvOS.framework */ = {isa = PBXFileReference; explicitFileType = wrapper.framework; includeInIndex = 0; path = Pods_BasicSSAIPlayer_tvOS.framework; sourceTree = BUILT_PRODUCTS_DIR; };
		B91233231AA6DF506E9E1B1D /* Pods-BasicSSAIPlayer tvOS.release.xcconfig */ = {isa = PBXFileReference; includeInIndex = 1; lastKnownFileType = text.xcconfig; name = "Pods-BasicSSAIPlayer tvOS.release.xcconfig"; path = "Target Support Files/Pods-BasicSSAIPlayer tvOS/Pods-BasicSSAIPlayer tvOS.release.xcconfig"; sourceTree = "<group>"; };
		DD33374893E7DD2B1B3B531E /* Pods-BasicSSAIPlayer tvOS.debug.xcconfig */ = {isa = PBXFileReference; includeInIndex = 1; lastKnownFileType = text.xcconfig; name = "Pods-BasicSSAIPlayer tvOS.debug.xcconfig"; path = "Target Support Files/Pods-BasicSSAIPlayer tvOS/Pods-BasicSSAIPlayer tvOS.debug.xcconfig"; sourceTree = "<group>"; };
		E9227292223FFF67000474A4 /* BasicSSAIPlayer tvOS.app */ = {isa = PBXFileReference; explicitFileType = wrapper.application; includeInIndex = 0; path = "BasicSSAIPlayer tvOS.app"; sourceTree = BUILT_PRODUCTS_DIR; };
		E9227295223FFF67000474A4 /* AppDelegate.swift */ = {isa = PBXFileReference; lastKnownFileType = sourcecode.swift; path = AppDelegate.swift; sourceTree = "<group>"; };
		E9227297223FFF67000474A4 /* ViewController.swift */ = {isa = PBXFileReference; lastKnownFileType = sourcecode.swift; path = ViewController.swift; sourceTree = "<group>"; };
		E922729A223FFF67000474A4 /* Base */ = {isa = PBXFileReference; lastKnownFileType = file.storyboard; name = Base; path = Base.lproj/Main.storyboard; sourceTree = "<group>"; };
		E922729C223FFF68000474A4 /* Assets.xcassets */ = {isa = PBXFileReference; lastKnownFileType = folder.assetcatalog; path = Assets.xcassets; sourceTree = "<group>"; };
		E922729E223FFF68000474A4 /* Info.plist */ = {isa = PBXFileReference; lastKnownFileType = text.plist.xml; path = Info.plist; sourceTree = "<group>"; };
/* End PBXFileReference section */

/* Begin PBXFrameworksBuildPhase section */
		E922728F223FFF67000474A4 /* Frameworks */ = {
			isa = PBXFrameworksBuildPhase;
			buildActionMask = 2147483647;
			files = (
				ECE39083CF571A38C7C835A3 /* Pods_BasicSSAIPlayer_tvOS.framework in Frameworks */,
			);
			runOnlyForDeploymentPostprocessing = 0;
		};
/* End PBXFrameworksBuildPhase section */

/* Begin PBXGroup section */
		00503AEA957F68DDE26C7D29 /* Frameworks */ = {
			isa = PBXGroup;
			children = (
				7A61A73FEC39BB3FB4FCC292 /* Pods_BasicSSAIPlayer_tvOS.framework */,
			);
			name = Frameworks;
			sourceTree = "<group>";
		};
		21D117986D36DA5E929BEA23 /* Pods */ = {
			isa = PBXGroup;
			children = (
				04C974000759D257E266F2AC /* Pods-BasicSSAIPlayer.debug.xcconfig */,
				5E20EF635C5F3284E2E049AE /* Pods-BasicSSAIPlayer.release.xcconfig */,
				DD33374893E7DD2B1B3B531E /* Pods-BasicSSAIPlayer tvOS.debug.xcconfig */,
				B91233231AA6DF506E9E1B1D /* Pods-BasicSSAIPlayer tvOS.release.xcconfig */,
			);
			name = Pods;
			path = ../Pods;
			sourceTree = "<group>";
		};
		E9227289223FFF67000474A4 = {
			isa = PBXGroup;
			children = (
				E9227294223FFF67000474A4 /* BasicSSAIPlayer */,
				E9227293223FFF67000474A4 /* Products */,
				21D117986D36DA5E929BEA23 /* Pods */,
				00503AEA957F68DDE26C7D29 /* Frameworks */,
			);
			sourceTree = "<group>";
		};
		E9227293223FFF67000474A4 /* Products */ = {
			isa = PBXGroup;
			children = (
				E9227292223FFF67000474A4 /* BasicSSAIPlayer tvOS.app */,
			);
			name = Products;
			sourceTree = "<group>";
		};
		E9227294223FFF67000474A4 /* BasicSSAIPlayer */ = {
			isa = PBXGroup;
			children = (
				E9227295223FFF67000474A4 /* AppDelegate.swift */,
				E9227297223FFF67000474A4 /* ViewController.swift */,
				E9227299223FFF67000474A4 /* Main.storyboard */,
				E922729C223FFF68000474A4 /* Assets.xcassets */,
				E922729E223FFF68000474A4 /* Info.plist */,
			);
			path = BasicSSAIPlayer;
			sourceTree = "<group>";
		};
/* End PBXGroup section */

/* Begin PBXNativeTarget section */
		E9227291223FFF67000474A4 /* BasicSSAIPlayer tvOS */ = {
			isa = PBXNativeTarget;
			buildConfigurationList = E92272A1223FFF68000474A4 /* Build configuration list for PBXNativeTarget "BasicSSAIPlayer tvOS" */;
			buildPhases = (
				DDC455545C0A21A95C9E5F1C /* [CP] Check Pods Manifest.lock */,
				E922728E223FFF67000474A4 /* Sources */,
				E922728F223FFF67000474A4 /* Frameworks */,
				E9227290223FFF67000474A4 /* Resources */,
				FB05A456EE2461B8C099ACF1 /* [CP] Embed Pods Frameworks */,
			);
			buildRules = (
			);
			dependencies = (
			);
			name = "BasicSSAIPlayer tvOS";
			productName = BasicSSAIPlayer;
			productReference = E9227292223FFF67000474A4 /* BasicSSAIPlayer tvOS.app */;
			productType = "com.apple.product-type.application";
		};
/* End PBXNativeTarget section */

/* Begin PBXProject section */
		E922728A223FFF67000474A4 /* Project object */ = {
			isa = PBXProject;
			attributes = {
				LastSwiftUpdateCheck = 1010;
				LastUpgradeCheck = 1010;
				ORGANIZATIONNAME = "Brightcove, Inc";
				TargetAttributes = {
					E9227291223FFF67000474A4 = {
						CreatedOnToolsVersion = 10.1;
					};
				};
			};
			buildConfigurationList = E922728D223FFF67000474A4 /* Build configuration list for PBXProject "BasicSSAIPlayer tvOS" */;
			compatibilityVersion = "Xcode 10.0";
			developmentRegion = en;
			hasScannedForEncodings = 0;
			knownRegions = (
				en,
				Base,
			);
			mainGroup = E9227289223FFF67000474A4;
			productRefGroup = E9227293223FFF67000474A4 /* Products */;
			projectDirPath = "";
			projectRoot = "";
			targets = (
				E9227291223FFF67000474A4 /* BasicSSAIPlayer tvOS */,
			);
		};
/* End PBXProject section */

/* Begin PBXResourcesBuildPhase section */
		E9227290223FFF67000474A4 /* Resources */ = {
			isa = PBXResourcesBuildPhase;
			buildActionMask = 2147483647;
			files = (
				E922729D223FFF68000474A4 /* Assets.xcassets in Resources */,
				E922729B223FFF67000474A4 /* Main.storyboard in Resources */,
			);
			runOnlyForDeploymentPostprocessing = 0;
		};
/* End PBXResourcesBuildPhase section */

/* Begin PBXShellScriptBuildPhase section */
		DDC455545C0A21A95C9E5F1C /* [CP] Check Pods Manifest.lock */ = {
			isa = PBXShellScriptBuildPhase;
			buildActionMask = 2147483647;
			files = (
			);
			inputFileListPaths = (
			);
			inputPaths = (
				"${PODS_PODFILE_DIR_PATH}/Podfile.lock",
				"${PODS_ROOT}/Manifest.lock",
			);
			name = "[CP] Check Pods Manifest.lock";
			outputFileListPaths = (
			);
			outputPaths = (
				"$(DERIVED_FILE_DIR)/Pods-BasicSSAIPlayer tvOS-checkManifestLockResult.txt",
			);
			runOnlyForDeploymentPostprocessing = 0;
			shellPath = /bin/sh;
			shellScript = "diff \"${PODS_PODFILE_DIR_PATH}/Podfile.lock\" \"${PODS_ROOT}/Manifest.lock\" > /dev/null\nif [ $? != 0 ] ; then\n    # print error to STDERR\n    echo \"error: The sandbox is not in sync with the Podfile.lock. Run 'pod install' or update your CocoaPods installation.\" >&2\n    exit 1\nfi\n# This output is used by Xcode 'outputs' to avoid re-running this script phase.\necho \"SUCCESS\" > \"${SCRIPT_OUTPUT_FILE_0}\"\n";
			showEnvVarsInLog = 0;
		};
		FB05A456EE2461B8C099ACF1 /* [CP] Embed Pods Frameworks */ = {
			isa = PBXShellScriptBuildPhase;
			buildActionMask = 2147483647;
			files = (
			);
			inputFileListPaths = (
				"${PODS_ROOT}/Target Support Files/Pods-BasicSSAIPlayer tvOS/Pods-BasicSSAIPlayer tvOS-frameworks-${CONFIGURATION}-input-files.xcfilelist",
			);
			name = "[CP] Embed Pods Frameworks";
			outputFileListPaths = (
				"${PODS_ROOT}/Target Support Files/Pods-BasicSSAIPlayer tvOS/Pods-BasicSSAIPlayer tvOS-frameworks-${CONFIGURATION}-output-files.xcfilelist",
			);
			runOnlyForDeploymentPostprocessing = 0;
			shellPath = /bin/sh;
			shellScript = "\"${PODS_ROOT}/Target Support Files/Pods-BasicSSAIPlayer tvOS/Pods-BasicSSAIPlayer tvOS-frameworks.sh\"\n";
			showEnvVarsInLog = 0;
		};
/* End PBXShellScriptBuildPhase section */

/* Begin PBXSourcesBuildPhase section */
		E922728E223FFF67000474A4 /* Sources */ = {
			isa = PBXSourcesBuildPhase;
			buildActionMask = 2147483647;
			files = (
				E9227298223FFF67000474A4 /* ViewController.swift in Sources */,
				E9227296223FFF67000474A4 /* AppDelegate.swift in Sources */,
			);
			runOnlyForDeploymentPostprocessing = 0;
		};
/* End PBXSourcesBuildPhase section */

/* Begin PBXVariantGroup section */
		E9227299223FFF67000474A4 /* Main.storyboard */ = {
			isa = PBXVariantGroup;
			children = (
				E922729A223FFF67000474A4 /* Base */,
			);
			name = Main.storyboard;
			sourceTree = "<group>";
		};
/* End PBXVariantGroup section */

/* Begin XCBuildConfiguration section */
		E922729F223FFF68000474A4 /* Debug */ = {
			isa = XCBuildConfiguration;
			buildSettings = {
				ALWAYS_SEARCH_USER_PATHS = NO;
				CLANG_ANALYZER_NONNULL = YES;
				CLANG_ANALYZER_NUMBER_OBJECT_CONVERSION = YES_AGGRESSIVE;
				CLANG_CXX_LANGUAGE_STANDARD = "gnu++14";
				CLANG_CXX_LIBRARY = "libc++";
				CLANG_ENABLE_MODULES = YES;
				CLANG_ENABLE_OBJC_ARC = YES;
				CLANG_ENABLE_OBJC_WEAK = YES;
				CLANG_WARN_BLOCK_CAPTURE_AUTORELEASING = YES;
				CLANG_WARN_BOOL_CONVERSION = YES;
				CLANG_WARN_COMMA = YES;
				CLANG_WARN_CONSTANT_CONVERSION = YES;
				CLANG_WARN_DEPRECATED_OBJC_IMPLEMENTATIONS = YES;
				CLANG_WARN_DIRECT_OBJC_ISA_USAGE = YES_ERROR;
				CLANG_WARN_DOCUMENTATION_COMMENTS = YES;
				CLANG_WARN_EMPTY_BODY = YES;
				CLANG_WARN_ENUM_CONVERSION = YES;
				CLANG_WARN_INFINITE_RECURSION = YES;
				CLANG_WARN_INT_CONVERSION = YES;
				CLANG_WARN_NON_LITERAL_NULL_CONVERSION = YES;
				CLANG_WARN_OBJC_IMPLICIT_RETAIN_SELF = YES;
				CLANG_WARN_OBJC_LITERAL_CONVERSION = YES;
				CLANG_WARN_OBJC_ROOT_CLASS = YES_ERROR;
				CLANG_WARN_RANGE_LOOP_ANALYSIS = YES;
				CLANG_WARN_STRICT_PROTOTYPES = YES;
				CLANG_WARN_SUSPICIOUS_MOVE = YES;
				CLANG_WARN_UNGUARDED_AVAILABILITY = YES_AGGRESSIVE;
				CLANG_WARN_UNREACHABLE_CODE = YES;
				CLANG_WARN__DUPLICATE_METHOD_MATCH = YES;
				COPY_PHASE_STRIP = NO;
				DEBUG_INFORMATION_FORMAT = dwarf;
				ENABLE_STRICT_OBJC_MSGSEND = YES;
				ENABLE_TESTABILITY = YES;
				GCC_C_LANGUAGE_STANDARD = gnu11;
				GCC_DYNAMIC_NO_PIC = NO;
				GCC_NO_COMMON_BLOCKS = YES;
				GCC_OPTIMIZATION_LEVEL = 0;
				GCC_PREPROCESSOR_DEFINITIONS = (
					"DEBUG=1",
					"$(inherited)",
				);
				GCC_WARN_64_TO_32_BIT_CONVERSION = YES;
				GCC_WARN_ABOUT_RETURN_TYPE = YES_ERROR;
				GCC_WARN_UNDECLARED_SELECTOR = YES;
				GCC_WARN_UNINITIALIZED_AUTOS = YES_AGGRESSIVE;
				GCC_WARN_UNUSED_FUNCTION = YES;
				GCC_WARN_UNUSED_VARIABLE = YES;
				MTL_ENABLE_DEBUG_INFO = INCLUDE_SOURCE;
				MTL_FAST_MATH = YES;
				ONLY_ACTIVE_ARCH = YES;
				SDKROOT = appletvos;
				SWIFT_ACTIVE_COMPILATION_CONDITIONS = DEBUG;
				SWIFT_OPTIMIZATION_LEVEL = "-Onone";
				TVOS_DEPLOYMENT_TARGET = 12.1;
			};
			name = Debug;
		};
		E92272A0223FFF68000474A4 /* Release */ = {
			isa = XCBuildConfiguration;
			buildSettings = {
				ALWAYS_SEARCH_USER_PATHS = NO;
				CLANG_ANALYZER_NONNULL = YES;
				CLANG_ANALYZER_NUMBER_OBJECT_CONVERSION = YES_AGGRESSIVE;
				CLANG_CXX_LANGUAGE_STANDARD = "gnu++14";
				CLANG_CXX_LIBRARY = "libc++";
				CLANG_ENABLE_MODULES = YES;
				CLANG_ENABLE_OBJC_ARC = YES;
				CLANG_ENABLE_OBJC_WEAK = YES;
				CLANG_WARN_BLOCK_CAPTURE_AUTORELEASING = YES;
				CLANG_WARN_BOOL_CONVERSION = YES;
				CLANG_WARN_COMMA = YES;
				CLANG_WARN_CONSTANT_CONVERSION = YES;
				CLANG_WARN_DEPRECATED_OBJC_IMPLEMENTATIONS = YES;
				CLANG_WARN_DIRECT_OBJC_ISA_USAGE = YES_ERROR;
				CLANG_WARN_DOCUMENTATION_COMMENTS = YES;
				CLANG_WARN_EMPTY_BODY = YES;
				CLANG_WARN_ENUM_CONVERSION = YES;
				CLANG_WARN_INFINITE_RECURSION = YES;
				CLANG_WARN_INT_CONVERSION = YES;
				CLANG_WARN_NON_LITERAL_NULL_CONVERSION = YES;
				CLANG_WARN_OBJC_IMPLICIT_RETAIN_SELF = YES;
				CLANG_WARN_OBJC_LITERAL_CONVERSION = YES;
				CLANG_WARN_OBJC_ROOT_CLASS = YES_ERROR;
				CLANG_WARN_RANGE_LOOP_ANALYSIS = YES;
				CLANG_WARN_STRICT_PROTOTYPES = YES;
				CLANG_WARN_SUSPICIOUS_MOVE = YES;
				CLANG_WARN_UNGUARDED_AVAILABILITY = YES_AGGRESSIVE;
				CLANG_WARN_UNREACHABLE_CODE = YES;
				CLANG_WARN__DUPLICATE_METHOD_MATCH = YES;
				COPY_PHASE_STRIP = NO;
				DEBUG_INFORMATION_FORMAT = "dwarf-with-dsym";
				ENABLE_NS_ASSERTIONS = NO;
				ENABLE_STRICT_OBJC_MSGSEND = YES;
				GCC_C_LANGUAGE_STANDARD = gnu11;
				GCC_NO_COMMON_BLOCKS = YES;
				GCC_WARN_64_TO_32_BIT_CONVERSION = YES;
				GCC_WARN_ABOUT_RETURN_TYPE = YES_ERROR;
				GCC_WARN_UNDECLARED_SELECTOR = YES;
				GCC_WARN_UNINITIALIZED_AUTOS = YES_AGGRESSIVE;
				GCC_WARN_UNUSED_FUNCTION = YES;
				GCC_WARN_UNUSED_VARIABLE = YES;
				MTL_ENABLE_DEBUG_INFO = NO;
				MTL_FAST_MATH = YES;
				SDKROOT = appletvos;
				SWIFT_COMPILATION_MODE = wholemodule;
				SWIFT_OPTIMIZATION_LEVEL = "-O";
				TVOS_DEPLOYMENT_TARGET = 12.1;
				VALIDATE_PRODUCT = YES;
			};
			name = Release;
		};
		E92272A2223FFF68000474A4 /* Debug */ = {
			isa = XCBuildConfiguration;
			baseConfigurationReference = DD33374893E7DD2B1B3B531E /* Pods-BasicSSAIPlayer tvOS.debug.xcconfig */;
			buildSettings = {
				ASSETCATALOG_COMPILER_APPICON_NAME = "App Icon & Top Shelf Image";
				ASSETCATALOG_COMPILER_LAUNCHIMAGE_NAME = LaunchImage;
				CODE_SIGN_STYLE = Automatic;
				DEVELOPMENT_TEAM = "";
				INFOPLIST_FILE = BasicSSAIPlayer/Info.plist;
				LD_RUNPATH_SEARCH_PATHS = (
					"$(inherited)",
					"@executable_path/Frameworks",
				);
				PRODUCT_BUNDLE_IDENTIFIER = com.brightcove.BasicSSAIPlayer;
				PRODUCT_NAME = "$(TARGET_NAME)";
				SWIFT_VERSION = 4.2;
				TARGETED_DEVICE_FAMILY = 3;
				TVOS_DEPLOYMENT_TARGET = 9.0;
			};
			name = Debug;
		};
		E92272A3223FFF68000474A4 /* Release */ = {
			isa = XCBuildConfiguration;
			baseConfigurationReference = B91233231AA6DF506E9E1B1D /* Pods-BasicSSAIPlayer tvOS.release.xcconfig */;
			buildSettings = {
				ASSETCATALOG_COMPILER_APPICON_NAME = "App Icon & Top Shelf Image";
				ASSETCATALOG_COMPILER_LAUNCHIMAGE_NAME = LaunchImage;
				CODE_SIGN_STYLE = Automatic;
				DEVELOPMENT_TEAM = "";
				INFOPLIST_FILE = BasicSSAIPlayer/Info.plist;
				LD_RUNPATH_SEARCH_PATHS = (
					"$(inherited)",
					"@executable_path/Frameworks",
				);
				PRODUCT_BUNDLE_IDENTIFIER = com.brightcove.BasicSSAIPlayer;
				PRODUCT_NAME = "$(TARGET_NAME)";
				SWIFT_VERSION = 4.2;
				TARGETED_DEVICE_FAMILY = 3;
				TVOS_DEPLOYMENT_TARGET = 9.0;
			};
			name = Release;
		};
/* End XCBuildConfiguration section */

/* Begin XCConfigurationList section */
		E922728D223FFF67000474A4 /* Build configuration list for PBXProject "BasicSSAIPlayer tvOS" */ = {
			isa = XCConfigurationList;
			buildConfigurations = (
				E922729F223FFF68000474A4 /* Debug */,
				E92272A0223FFF68000474A4 /* Release */,
			);
			defaultConfigurationIsVisible = 0;
			defaultConfigurationName = Release;
		};
		E92272A1223FFF68000474A4 /* Build configuration list for PBXNativeTarget "BasicSSAIPlayer tvOS" */ = {
			isa = XCConfigurationList;
			buildConfigurations = (
				E92272A2223FFF68000474A4 /* Debug */,
				E92272A3223FFF68000474A4 /* Release */,
			);
			defaultConfigurationIsVisible = 0;
			defaultConfigurationName = Release;
		};
/* End XCConfigurationList section */
	};
	rootObject = E922728A223FFF67000474A4 /* Project object */;
}
